
Microsoft Visual Studio Solution File, Format Version 12.00
# Visual Studio 15
VisualStudioVersion = 15.0.26621.2
MinimumVisualStudioVersion = 10.0.40219.1
Project("{2150E333-8FDC-42A3-9474-1A3956D46DE8}") = "src", "src", "{937EBA9B-A53D-45D8-B7CF-026DC4C63DD1}"
EndProject
Project("{2150E333-8FDC-42A3-9474-1A3956D46DE8}") = "Solution Items", "Solution Items", "{28A5A81D-4A37-4700-9EDF-0B37283BFDC8}"
EndProject
Project("{9A19103F-16F7-4668-BE54-9A1E7A4F7556}") = "Pomelo.AspNetCore.Extensions", "src\Pomelo.AspNetCore.Extensions\Pomelo.AspNetCore.Extensions.csproj", "{1F0DC9F2-F875-48AE-A261-1040DDA742D3}"
EndProject
Project("{9A19103F-16F7-4668-BE54-9A1E7A4F7556}") = "Pomelo.Extensions", "src\Pomelo.Extensions\Pomelo.Extensions.csproj", "{EC85425D-3DE9-450F-823F-C466AA45A46D}"
EndProject
Project("{9A19103F-16F7-4668-BE54-9A1E7A4F7556}") = "Pomelo.Marked", "src\Pomelo.Marked\Pomelo.Marked.csproj", "{392BCACF-A74D-48D8-933B-83EFBE47A624}"
EndProject
Project("{9A19103F-16F7-4668-BE54-9A1E7A4F7556}") = "Pomelo.HtmlAgilityPack", "src\Pomelo.HtmlAgilityPack\Pomelo.HtmlAgilityPack.csproj", "{F6224349-9ABC-4E1C-8100-C5F007577F17}"
EndProject
Project("{9A19103F-16F7-4668-BE54-9A1E7A4F7556}") = "Pomelo.AntiXss", "src\Pomelo.AntiXss\Pomelo.AntiXss.csproj", "{DC98679B-223F-4548-9432-873F4E83CC40}"
EndProject
Project("{9A19103F-16F7-4668-BE54-9A1E7A4F7556}") = "Pomelo.AspNetCore.AntiXSS", "src\Pomelo.AspNetCore.AntiXSS\Pomelo.AspNetCore.AntiXSS.csproj", "{D7DC4D44-D948-4466-8CC0-18CB2F8B1E37}"
EndProject
Project("{9A19103F-16F7-4668-BE54-9A1E7A4F7556}") = "Pomelo.Net.Smtp", "src\Pomelo.Net.Smtp\Pomelo.Net.Smtp.csproj", "{E18AAD03-4464-4844-90B4-D9B78E2424F5}"
EndProject
Project("{9A19103F-16F7-4668-BE54-9A1E7A4F7556}") = "Pomelo.Data.Excel", "src\Pomelo.Data.Excel\Pomelo.Data.Excel.csproj", "{785A8FDC-9BF5-462D-8560-200CDB84397B}"
EndProject
Project("{9A19103F-16F7-4668-BE54-9A1E7A4F7556}") = "Pomelo.Algorithm.Geography", "src\Pomelo.Algorithm.Geography\Pomelo.Algorithm.Geography.csproj", "{CD0CC8E5-4E99-4187-9ED0-F29FFCED89E1}"
EndProject
Project("{9A19103F-16F7-4668-BE54-9A1E7A4F7556}") = "Pomelo.AspNetCore.ReverseProxy", "src\Pomelo.AspNetCore.ReverseProxy\Pomelo.AspNetCore.ReverseProxy.csproj", "{EDDDEBB6-19D6-45F5-AA84-2F38096E9263}"
EndProject
Project("{9A19103F-16F7-4668-BE54-9A1E7A4F7556}") = "Pomelo.AspNetCore.TimedJob", "src\Pomelo.AspNetCore.TimedJob\Pomelo.AspNetCore.TimedJob.csproj", "{343BDEB6-9852-481F-9617-00293FCCAF26}"
EndProject
Project("{9A19103F-16F7-4668-BE54-9A1E7A4F7556}") = "Pomelo.AspNetCore.Statistics", "src\Pomelo.AspNetCore.Statistics\Pomelo.AspNetCore.Statistics.csproj", "{D843981D-1460-4AF0-87E7-A12B94C43A76}"
EndProject
Project("{9A19103F-16F7-4668-BE54-9A1E7A4F7556}") = "Pomelo.AspNetCore.Common", "src\Pomelo.AspNetCore.Common\Pomelo.AspNetCore.Common.csproj", "{CAC5D089-C25C-4B70-B98D-623DA7B48D7D}"
EndProject
Project("{9A19103F-16F7-4668-BE54-9A1E7A4F7556}") = "Pomelo.Extensions.Common", "src\Pomelo.Extensions.Common\Pomelo.Extensions.Common.csproj", "{1911668D-54DF-408C-862A-4929F3A42ACC}"
EndProject
Project("{9A19103F-16F7-4668-BE54-9A1E7A4F7556}") = "Pomelo.Extensions.RuntimeEnvironment.Sources", "src\Pomelo.Extensions.RuntimeEnvironment.Sources\Pomelo.Extensions.RuntimeEnvironment.Sources.csproj", "{40D95843-84A9-41A6-9E68-2B50BB255684}"
EndProject
Project("{9A19103F-16F7-4668-BE54-9A1E7A4F7556}") = "Pomelo.AspNetCore.Localization", "src\Pomelo.AspNetCore.Localization\Pomelo.AspNetCore.Localization.csproj", "{6AC39FFE-9302-4081-8484-DA01197509D4}"
EndProject
Project("{9A19103F-16F7-4668-BE54-9A1E7A4F7556}") = "Pomelo.Extensions.Caching", "src\Pomelo.Extensions.Caching\Pomelo.Extensions.Caching.csproj", "{63590828-99EA-4FFC-9FDE-327DE1B1F4D9}"
EndProject
Global
	GlobalSection(SolutionConfigurationPlatforms) = preSolution
		Debug|Any CPU = Debug|Any CPU
		Release|Any CPU = Release|Any CPU
	EndGlobalSection
	GlobalSection(ProjectConfigurationPlatforms) = postSolution
		{1F0DC9F2-F875-48AE-A261-1040DDA742D3}.Debug|Any CPU.ActiveCfg = Debug|Any CPU
		{1F0DC9F2-F875-48AE-A261-1040DDA742D3}.Debug|Any CPU.Build.0 = Debug|Any CPU
		{1F0DC9F2-F875-48AE-A261-1040DDA742D3}.Release|Any CPU.ActiveCfg = Release|Any CPU
		{1F0DC9F2-F875-48AE-A261-1040DDA742D3}.Release|Any CPU.Build.0 = Release|Any CPU
		{EC85425D-3DE9-450F-823F-C466AA45A46D}.Debug|Any CPU.ActiveCfg = Debug|Any CPU
		{EC85425D-3DE9-450F-823F-C466AA45A46D}.Debug|Any CPU.Build.0 = Debug|Any CPU
		{EC85425D-3DE9-450F-823F-C466AA45A46D}.Release|Any CPU.ActiveCfg = Release|Any CPU
		{EC85425D-3DE9-450F-823F-C466AA45A46D}.Release|Any CPU.Build.0 = Release|Any CPU
		{392BCACF-A74D-48D8-933B-83EFBE47A624}.Debug|Any CPU.ActiveCfg = Debug|Any CPU
		{392BCACF-A74D-48D8-933B-83EFBE47A624}.Debug|Any CPU.Build.0 = Debug|Any CPU
		{392BCACF-A74D-48D8-933B-83EFBE47A624}.Release|Any CPU.ActiveCfg = Release|Any CPU
		{392BCACF-A74D-48D8-933B-83EFBE47A624}.Release|Any CPU.Build.0 = Release|Any CPU
		{F6224349-9ABC-4E1C-8100-C5F007577F17}.Debug|Any CPU.ActiveCfg = Debug|Any CPU
		{F6224349-9ABC-4E1C-8100-C5F007577F17}.Debug|Any CPU.Build.0 = Debug|Any CPU
		{F6224349-9ABC-4E1C-8100-C5F007577F17}.Release|Any CPU.ActiveCfg = Release|Any CPU
		{F6224349-9ABC-4E1C-8100-C5F007577F17}.Release|Any CPU.Build.0 = Release|Any CPU
		{DC98679B-223F-4548-9432-873F4E83CC40}.Debug|Any CPU.ActiveCfg = Debug|Any CPU
		{DC98679B-223F-4548-9432-873F4E83CC40}.Debug|Any CPU.Build.0 = Debug|Any CPU
		{DC98679B-223F-4548-9432-873F4E83CC40}.Release|Any CPU.ActiveCfg = Release|Any CPU
		{DC98679B-223F-4548-9432-873F4E83CC40}.Release|Any CPU.Build.0 = Release|Any CPU
		{D7DC4D44-D948-4466-8CC0-18CB2F8B1E37}.Debug|Any CPU.ActiveCfg = Debug|Any CPU
		{D7DC4D44-D948-4466-8CC0-18CB2F8B1E37}.Debug|Any CPU.Build.0 = Debug|Any CPU
		{D7DC4D44-D948-4466-8CC0-18CB2F8B1E37}.Release|Any CPU.ActiveCfg = Release|Any CPU
		{D7DC4D44-D948-4466-8CC0-18CB2F8B1E37}.Release|Any CPU.Build.0 = Release|Any CPU
		{E18AAD03-4464-4844-90B4-D9B78E2424F5}.Debug|Any CPU.ActiveCfg = Debug|Any CPU
		{E18AAD03-4464-4844-90B4-D9B78E2424F5}.Debug|Any CPU.Build.0 = Debug|Any CPU
		{E18AAD03-4464-4844-90B4-D9B78E2424F5}.Release|Any CPU.ActiveCfg = Release|Any CPU
		{E18AAD03-4464-4844-90B4-D9B78E2424F5}.Release|Any CPU.Build.0 = Release|Any CPU
		{785A8FDC-9BF5-462D-8560-200CDB84397B}.Debug|Any CPU.ActiveCfg = Debug|Any CPU
		{785A8FDC-9BF5-462D-8560-200CDB84397B}.Debug|Any CPU.Build.0 = Debug|Any CPU
		{785A8FDC-9BF5-462D-8560-200CDB84397B}.Release|Any CPU.ActiveCfg = Release|Any CPU
		{785A8FDC-9BF5-462D-8560-200CDB84397B}.Release|Any CPU.Build.0 = Release|Any CPU
		{CD0CC8E5-4E99-4187-9ED0-F29FFCED89E1}.Debug|Any CPU.ActiveCfg = Debug|Any CPU
		{CD0CC8E5-4E99-4187-9ED0-F29FFCED89E1}.Debug|Any CPU.Build.0 = Debug|Any CPU
		{CD0CC8E5-4E99-4187-9ED0-F29FFCED89E1}.Release|Any CPU.ActiveCfg = Release|Any CPU
		{CD0CC8E5-4E99-4187-9ED0-F29FFCED89E1}.Release|Any CPU.Build.0 = Release|Any CPU
		{EDDDEBB6-19D6-45F5-AA84-2F38096E9263}.Debug|Any CPU.ActiveCfg = Debug|Any CPU
		{EDDDEBB6-19D6-45F5-AA84-2F38096E9263}.Debug|Any CPU.Build.0 = Debug|Any CPU
		{EDDDEBB6-19D6-45F5-AA84-2F38096E9263}.Release|Any CPU.ActiveCfg = Release|Any CPU
		{EDDDEBB6-19D6-45F5-AA84-2F38096E9263}.Release|Any CPU.Build.0 = Release|Any CPU
		{343BDEB6-9852-481F-9617-00293FCCAF26}.Debug|Any CPU.ActiveCfg = Debug|Any CPU
		{343BDEB6-9852-481F-9617-00293FCCAF26}.Debug|Any CPU.Build.0 = Debug|Any CPU
		{343BDEB6-9852-481F-9617-00293FCCAF26}.Release|Any CPU.ActiveCfg = Release|Any CPU
		{343BDEB6-9852-481F-9617-00293FCCAF26}.Release|Any CPU.Build.0 = Release|Any CPU
		{D843981D-1460-4AF0-87E7-A12B94C43A76}.Debug|Any CPU.ActiveCfg = Debug|Any CPU
		{D843981D-1460-4AF0-87E7-A12B94C43A76}.Debug|Any CPU.Build.0 = Debug|Any CPU
		{D843981D-1460-4AF0-87E7-A12B94C43A76}.Release|Any CPU.ActiveCfg = Release|Any CPU
		{D843981D-1460-4AF0-87E7-A12B94C43A76}.Release|Any CPU.Build.0 = Release|Any CPU
		{CAC5D089-C25C-4B70-B98D-623DA7B48D7D}.Debug|Any CPU.ActiveCfg = Debug|Any CPU
		{CAC5D089-C25C-4B70-B98D-623DA7B48D7D}.Debug|Any CPU.Build.0 = Debug|Any CPU
		{CAC5D089-C25C-4B70-B98D-623DA7B48D7D}.Release|Any CPU.ActiveCfg = Release|Any CPU
		{CAC5D089-C25C-4B70-B98D-623DA7B48D7D}.Release|Any CPU.Build.0 = Release|Any CPU
		{1911668D-54DF-408C-862A-4929F3A42ACC}.Debug|Any CPU.ActiveCfg = Debug|Any CPU
		{1911668D-54DF-408C-862A-4929F3A42ACC}.Debug|Any CPU.Build.0 = Debug|Any CPU
		{1911668D-54DF-408C-862A-4929F3A42ACC}.Release|Any CPU.ActiveCfg = Release|Any CPU
		{1911668D-54DF-408C-862A-4929F3A42ACC}.Release|Any CPU.Build.0 = Release|Any CPU
		{40D95843-84A9-41A6-9E68-2B50BB255684}.Debug|Any CPU.ActiveCfg = Debug|Any CPU
		{40D95843-84A9-41A6-9E68-2B50BB255684}.Debug|Any CPU.Build.0 = Debug|Any CPU
		{40D95843-84A9-41A6-9E68-2B50BB255684}.Release|Any CPU.ActiveCfg = Release|Any CPU
		{40D95843-84A9-41A6-9E68-2B50BB255684}.Release|Any CPU.Build.0 = Release|Any CPU
		{6AC39FFE-9302-4081-8484-DA01197509D4}.Debug|Any CPU.ActiveCfg = Debug|Any CPU
		{6AC39FFE-9302-4081-8484-DA01197509D4}.Debug|Any CPU.Build.0 = Debug|Any CPU
		{6AC39FFE-9302-4081-8484-DA01197509D4}.Release|Any CPU.ActiveCfg = Release|Any CPU
		{6AC39FFE-9302-4081-8484-DA01197509D4}.Release|Any CPU.Build.0 = Release|Any CPU
		{63590828-99EA-4FFC-9FDE-327DE1B1F4D9}.Debug|Any CPU.ActiveCfg = Debug|Any CPU
		{63590828-99EA-4FFC-9FDE-327DE1B1F4D9}.Debug|Any CPU.Build.0 = Debug|Any CPU
		{63590828-99EA-4FFC-9FDE-327DE1B1F4D9}.Release|Any CPU.ActiveCfg = Release|Any CPU
		{63590828-99EA-4FFC-9FDE-327DE1B1F4D9}.Release|Any CPU.Build.0 = Release|Any CPU
	EndGlobalSection
	GlobalSection(SolutionProperties) = preSolution
		HideSolutionNode = FALSE
	EndGlobalSection
	GlobalSection(NestedProjects) = preSolution
		{1F0DC9F2-F875-48AE-A261-1040DDA742D3} = {937EBA9B-A53D-45D8-B7CF-026DC4C63DD1}
		{EC85425D-3DE9-450F-823F-C466AA45A46D} = {937EBA9B-A53D-45D8-B7CF-026DC4C63DD1}
		{392BCACF-A74D-48D8-933B-83EFBE47A624} = {937EBA9B-A53D-45D8-B7CF-026DC4C63DD1}
		{F6224349-9ABC-4E1C-8100-C5F007577F17} = {937EBA9B-A53D-45D8-B7CF-026DC4C63DD1}
		{DC98679B-223F-4548-9432-873F4E83CC40} = {937EBA9B-A53D-45D8-B7CF-026DC4C63DD1}
		{D7DC4D44-D948-4466-8CC0-18CB2F8B1E37} = {937EBA9B-A53D-45D8-B7CF-026DC4C63DD1}
		{E18AAD03-4464-4844-90B4-D9B78E2424F5} = {937EBA9B-A53D-45D8-B7CF-026DC4C63DD1}
		{785A8FDC-9BF5-462D-8560-200CDB84397B} = {937EBA9B-A53D-45D8-B7CF-026DC4C63DD1}
		{CD0CC8E5-4E99-4187-9ED0-F29FFCED89E1} = {937EBA9B-A53D-45D8-B7CF-026DC4C63DD1}
		{EDDDEBB6-19D6-45F5-AA84-2F38096E9263} = {937EBA9B-A53D-45D8-B7CF-026DC4C63DD1}
		{343BDEB6-9852-481F-9617-00293FCCAF26} = {937EBA9B-A53D-45D8-B7CF-026DC4C63DD1}
		{D843981D-1460-4AF0-87E7-A12B94C43A76} = {937EBA9B-A53D-45D8-B7CF-026DC4C63DD1}
		{CAC5D089-C25C-4B70-B98D-623DA7B48D7D} = {937EBA9B-A53D-45D8-B7CF-026DC4C63DD1}
		{1911668D-54DF-408C-862A-4929F3A42ACC} = {937EBA9B-A53D-45D8-B7CF-026DC4C63DD1}
		{40D95843-84A9-41A6-9E68-2B50BB255684} = {937EBA9B-A53D-45D8-B7CF-026DC4C63DD1}
		{6AC39FFE-9302-4081-8484-DA01197509D4} = {937EBA9B-A53D-45D8-B7CF-026DC4C63DD1}
		{63590828-99EA-4FFC-9FDE-327DE1B1F4D9} = {937EBA9B-A53D-45D8-B7CF-026DC4C63DD1}
	EndGlobalSection
	GlobalSection(ExtensibilityGlobals) = postSolution
		SolutionGuid = {1403E506-A4C2-416F-A376-A6C02A7B49E2}
	EndGlobalSection
EndGlobal
